
Microsoft Visual Studio Solution File, Format Version 12.00
# Visual Studio Version 17
VisualStudioVersion = 17.7.34031.279
MinimumVisualStudioVersion = 10.0.40219.1
Project("{FAE04EC0-301F-11D3-BF4B-00C04F79EFBC}") = "TestProject2", "TestProject2\TestProject2.csproj", "{64611CBD-FBA5-4550-B4BC-A2B83FD8EC72}"
EndProject
Project("{9A19103F-16F7-4668-BE54-9A1E7A4F7556}") = "TestApp", "..\..\..\Desktop\TestApp\TestApp.csproj", "{D33D641C-F10A-4D71-8008-FB8AF49EFC6E}"
EndProject
Project("{9A19103F-16F7-4668-BE54-9A1E7A4F7556}") = "TestApp.UnitTests", "..\..\..\Desktop\TestApp.UnitTests\TestApp.UnitTests.csproj", "{264AB982-D22B-4A13-8ADC-9F9AA18DFCD3}"
EndProject
Global
	GlobalSection(SolutionConfigurationPlatforms) = preSolution
		Debug|Any CPU = Debug|Any CPU
		Release|Any CPU = Release|Any CPU
	EndGlobalSection
	GlobalSection(ProjectConfigurationPlatforms) = postSolution
		{64611CBD-FBA5-4550-B4BC-A2B83FD8EC72}.Debug|Any CPU.ActiveCfg = Debug|Any CPU
		{64611CBD-FBA5-4550-B4BC-A2B83FD8EC72}.Debug|Any CPU.Build.0 = Debug|Any CPU
		{64611CBD-FBA5-4550-B4BC-A2B83FD8EC72}.Release|Any CPU.ActiveCfg = Release|Any CPU
		{64611CBD-FBA5-4550-B4BC-A2B83FD8EC72}.Release|Any CPU.Build.0 = Release|Any CPU
		{D33D641C-F10A-4D71-8008-FB8AF49EFC6E}.Debug|Any CPU.ActiveCfg = Debug|Any CPU
		{D33D641C-F10A-4D71-8008-FB8AF49EFC6E}.Debug|Any CPU.Build.0 = Debug|Any CPU
		{D33D641C-F10A-4D71-8008-FB8AF49EFC6E}.Release|Any CPU.ActiveCfg = Release|Any CPU
		{D33D641C-F10A-4D71-8008-FB8AF49EFC6E}.Release|Any CPU.Build.0 = Release|Any CPU
		{264AB982-D22B-4A13-8ADC-9F9AA18DFCD3}.Debug|Any CPU.ActiveCfg = Debug|Any CPU
		{264AB982-D22B-4A13-8ADC-9F9AA18DFCD3}.Debug|Any CPU.Build.0 = Debug|Any CPU
		{264AB982-D22B-4A13-8ADC-9F9AA18DFCD3}.Release|Any CPU.ActiveCfg = Release|Any CPU
		{264AB982-D22B-4A13-8ADC-9F9AA18DFCD3}.Release|Any CPU.Build.0 = Release|Any CPU
	EndGlobalSection
	GlobalSection(SolutionProperties) = preSolution
		HideSolutionNode = FALSE
	EndGlobalSection
	GlobalSection(ExtensibilityGlobals) = postSolution
		SolutionGuid = {7D3CE70A-B10A-4552-A49F-504A0C2FC765}
	EndGlobalSection
EndGlobal
